
Microsoft Visual Studio Solution File, Format Version 12.00
# Visual Studio Version 17
VisualStudioVersion = 17.6.33815.320
MinimumVisualStudioVersion = 10.0.40219.1
Project("{FAE04EC0-301F-11D3-BF4B-00C04F79EFBC}") = "APICatalogo", "APICatalogo\APICatalogo.csproj", "{393D99CC-CBFB-4208-B6BD-D39A034E238D}"
EndProject
Global
	GlobalSection(SolutionConfigurationPlatforms) = preSolution
		Debug|Any CPU = Debug|Any CPU
		Release|Any CPU = Release|Any CPU
	EndGlobalSection
	GlobalSection(ProjectConfigurationPlatforms) = postSolution
		{393D99CC-CBFB-4208-B6BD-D39A034E238D}.Debug|Any CPU.ActiveCfg = Debug|Any CPU
		{393D99CC-CBFB-4208-B6BD-D39A034E238D}.Debug|Any CPU.Build.0 = Debug|Any CPU
		{393D99CC-CBFB-4208-B6BD-D39A034E238D}.Release|Any CPU.ActiveCfg = Release|Any CPU
		{393D99CC-CBFB-4208-B6BD-D39A034E238D}.Release|Any CPU.Build.0 = Release|Any CPU
	EndGlobalSection
	GlobalSection(SolutionProperties) = preSolution
		HideSolutionNode = FALSE
	EndGlobalSection
	GlobalSection(ExtensibilityGlobals) = postSolution
		SolutionGuid = {FC762AC3-37DE-48D1-A67E-B4317065F2F3}
	EndGlobalSection
EndGlobal
